PODS:
  - AFNetworking (3.1.0):
    - AFNetworking/NSURLSession (= 3.1.0)
    - AFNetworking/Reachability (= 3.1.0)
    - AFNetworking/Security (= 3.1.0)
    - AFNetworking/Serialization (= 3.1.0)
    - AFNetworking/UIKit (= 3.1.0)
  - AFNetworking/NSURLSession (3.1.0):
    - AFNetworking/Reachability
    - AFNetworking/Security
    - AFNetworking/Serialization
  - AFNetworking/Reachability (3.1.0)
  - AFNetworking/Security (3.1.0)
  - AFNetworking/Serialization (3.1.0)
  - AFNetworking/UIKit (3.1.0):
    - AFNetworking/NSURLSession
  - Base64 (1.1.2)
  - FMDB (2.6.2):
    - FMDB/standard (= 2.6.2)
  - FMDB/standard (2.6.2)
  - JWT (2.0.1):
    - Base64 (~> 1.1.2)
  - M13BadgeView (1.0.4)
  - OCMock (3.3)
  - Typhoon (3.4.7):
    - Typhoon/no-arc (= 3.4.7)
  - Typhoon/no-arc (3.4.7)

DEPENDENCIES:
  - AFNetworking (~> 3.0)
  - FMDB (~> 2.6)
  - JWT
  - M13BadgeView (~> 1.0.4)
  - OCMock
  - Typhoon

SPEC CHECKSUMS:
  AFNetworking: 5e0e199f73d8626b11e79750991f5d173d1f8b67
  Base64: cecfb41a004124895a7bcee567a89bae5a89d49b
  FMDB: 854a0341b4726e53276f2a8996f06f1b80f9259a
  JWT: c8e1c1c8a5f0add28530bf3cd3342e7fd70d18f3
  M13BadgeView: 700dd0714fdc837c0cf1c8c004454963ec22441f
  OCMock: d68685bde31f69cb61d518dcb39269080c78b5ed
  Typhoon: 0953addabd5a10a930973fcc131c03badc88c4ba

PODFILE CHECKSUM: cdbc1239a5246a36ee909182c78b1a6766526d96

COCOAPODS: 1.0.0
